
Microsoft Visual Studio Solution File, Format Version 12.00
# Visual Studio Version 17
VisualStudioVersion = 17.7.34031.279
MinimumVisualStudioVersion = 10.0.40219.1
Project("{8BC9CEB8-8B4A-11D0-8D11-00A0C91BC942}") = "homework01", "homework01\homework01.vcxproj", "{FA56F63D-C9B1-41DC-90A8-803657E33B11}"
EndProject
Global
	GlobalSection(SolutionConfigurationPlatforms) = preSolution
		Debug|x64 = Debug|x64
		Debug|x86 = Debug|x86
		Release|x64 = Release|x64
		Release|x86 = Release|x86
	EndGlobalSection
	GlobalSection(ProjectConfigurationPlatforms) = postSolution
		{FA56F63D-C9B1-41DC-90A8-803657E33B11}.Debug|x64.ActiveCfg = Debug|x64
		{FA56F63D-C9B1-41DC-90A8-803657E33B11}.Debug|x64.Build.0 = Debug|x64
		{FA56F63D-C9B1-41DC-90A8-803657E33B11}.Debug|x86.ActiveCfg = Debug|Win32
		{FA56F63D-C9B1-41DC-90A8-803657E33B11}.Debug|x86.Build.0 = Debug|Win32
		{FA56F63D-C9B1-41DC-90A8-803657E33B11}.Release|x64.ActiveCfg = Release|x64
		{FA56F63D-C9B1-41DC-90A8-803657E33B11}.Release|x64.Build.0 = Release|x64
		{FA56F63D-C9B1-41DC-90A8-803657E33B11}.Release|x86.ActiveCfg = Release|Win32
		{FA56F63D-C9B1-41DC-90A8-803657E33B11}.Release|x86.Build.0 = Release|Win32
	EndGlobalSection
	GlobalSection(SolutionProperties) = preSolution
		HideSolutionNode = FALSE
	EndGlobalSection
	GlobalSection(ExtensibilityGlobals) = postSolution
		SolutionGuid = {68B28C58-FA57-4ACE-9C6E-FD4DC15B37C9}
	EndGlobalSection
EndGlobal
